<Solution>
  <Project Path="Flourish.Blazor.Shared/Flourish.Blazor.Shared.csproj" />
  <Project Path="Flourish.Blazor.Abstract/Flourish.Blazor.Abstract.csproj" />
  <Project Path="Flourish.Blazor.Framework/Flourish.Blazor.Framework.csproj" />
  <Project Path="Flourish.Blazor.Design/Flourish.Blazor.Design.csproj" />
  <Project Path="../Flourish.Core/Flourish.Core.csproj" />
  <Project Path="../Gallery.Flourish.Blazor/Gallery.Flourish.Blazor.csproj" />
  <Project Path="../../tests/Tests.Flourish.Blazor/Tests.Flourish.Blazor.csproj" />
  <Project Path="../../tests/Tests.Flourish.Blazor.Native/Tests.Flourish.Blazor.Native.csproj" />
</Solution>
