<Solution>
  <Configurations>
    <Platform Name="Any CPU" />
    <Platform Name="ARM64" />
    <Platform Name="x64" />
    <Platform Name="x86" />
  </Configurations>
  <Folder Name="/Flourish.Blazor/">
    <Project Path="src/Flourish.Blazor/Flourish.Blazor.Design/Flourish.Blazor.Design.csproj" />
    <Project Path="src/Flourish.Blazor/Flourish.Blazor.Framework/Flourish.Blazor.Framework.csproj" />
    <Project Path="src/Flourish.Blazor/Flourish.Blazor.Abstract/Flourish.Blazor.Abstract.csproj" />
    <Project Path="src/Flourish.Blazor/Flourish.Blazor.Shared/Flourish.Blazor.Shared.csproj" />
    <Project Path="src/Gallery.Flourish.Blazor/Gallery.Flourish.Blazor.csproj" />
  </Folder>
  <Folder Name="/Flourish.WPF/">
    <Project Path="src/Flourish.WPF/Flourish.WPF.csproj">
      <Platform Solution="*|Any CPU" Project="AnyCPU" />
      <Platform Solution="*|ARM64" Project="ARM64" />
      <Platform Solution="*|x64" Project="x64" />
      <Platform Solution="*|x86" Project="x86" />
    </Project>
    <Project Path="src/Gallery.Flourish.WPF/Gallery.Flourish.WPF.csproj">
      <Platform Solution="*|Any CPU" Project="AnyCPU" />
      <Platform Solution="*|ARM64" Project="ARM64" />
      <Platform Solution="*|x64" Project="x64" />
      <Platform Solution="*|x86" Project="x86" />
    </Project>
  </Folder>
  <Folder Name="/Flourish.WINUI3/">
    <Project Path="src/Flourish.WinUI3/Flourish.WinUI3.csproj">
      <Platform Solution="*|Any CPU" Project="AnyCPU" />
      <Platform Solution="*|ARM64" Project="AnyCPU" />
      <Platform Solution="*|x64" Project="AnyCPU" />
      <Platform Solution="*|x86" Project="AnyCPU" />
    </Project>
    <Project Path="src/Gallery.Flourish.WINUI3/Gallery.Flourish.WINUI3.csproj">
      <Platform Solution="*|Any CPU" Project="x64" />
      <Platform Solution="*|ARM64" Project="ARM64" />
      <Platform Solution="*|x64" Project="x64" />
      <Platform Solution="*|x86" Project="x86" />
    </Project>
  </Folder>
  <Project Path="src/Flourish.Core/Flourish.Core.csproj">
    <Platform Solution="*|Any CPU" Project="AnyCPU" />
    <Platform Solution="*|ARM64" Project="AnyCPU" />
    <Platform Solution="*|x64" Project="AnyCPU" />
    <Platform Solution="*|x86" Project="AnyCPU" />
  </Project>
  <Folder Name="/Tests/">
    <Project Path="tests/Tests.Flourish.Core/Tests.Flourish.Core.csproj">
      <Platform Solution="*|Any CPU" Project="AnyCPU" />
      <Platform Solution="*|ARM64" Project="AnyCPU" />
      <Platform Solution="*|x64" Project="AnyCPU" />
      <Platform Solution="*|x86" Project="AnyCPU" />
    </Project>
    <Project Path="tests/Tests.Flourish.WPF/Tests.Flourish.WPF.csproj">
      <Platform Solution="*|Any CPU" Project="AnyCPU" />
      <Platform Solution="*|ARM64" Project="ARM64" />
      <Platform Solution="*|x64" Project="x64" />
      <Platform Solution="*|x86" Project="x86" />
    </Project>
    <Project Path="tests/Tests.Flourish.Blazor/Tests.Flourish.Blazor.csproj" />
    <Project Path="tests/Tests.Flourish.Blazor.Native/Tests.Flourish.Blazor.Native.csproj" />
  </Folder>
  <Folder Name="/Solutions/">
    <File Path="src/Flourish.Blazor/Flourish.Blazor.slnx" />
    <File Path="src/Flourish.WPF/Flourish.WPF.slnx" />
    <File Path="src/Flourish.WinUI3/Flourish.WINUI3.slnx" />
  </Folder>
</Solution>