<Solution>
  <Configurations>
    <Platform Name="Any CPU" />
    <Platform Name="ARM64" />
    <Platform Name="x64" />
    <Platform Name="x86" />
  </Configurations>
  <Project Path="src/Flourish.Core/Flourish.Core.csproj">
    <Platform Solution="*|Any CPU" Project="AnyCPU" />
    <Platform Solution="*|ARM64" Project="AnyCPU" />
    <Platform Solution="*|x64" Project="AnyCPU" />
    <Platform Solution="*|x86" Project="AnyCPU" />
  </Project>
  <Project Path="src/Flourish.WPF/Flourish.WPF.csproj">
    <Platform Solution="*|Any CPU" Project="AnyCPU" />
    <Platform Solution="*|ARM64" Project="ARM64" />
    <Platform Solution="*|x64" Project="x64" />
    <Platform Solution="*|x86" Project="x86" />
  </Project>
  <Project Path="src/Flourish.WinUI3/Flourish.WinUI3.csproj">
    <Platform Solution="*|Any CPU" Project="AnyCPU" />
    <Platform Solution="*|ARM64" Project="AnyCPU" />
    <Platform Solution="*|x64" Project="AnyCPU" />
    <Platform Solution="*|x86" Project="AnyCPU" />
  </Project>
  <Project Path="src/Gallery.WPF/Gallery.WPF.csproj">
    <Platform Solution="*|Any CPU" Project="AnyCPU" />
    <Platform Solution="*|ARM64" Project="ARM64" />
    <Platform Solution="*|x64" Project="x64" />
    <Platform Solution="*|x86" Project="x86" />
  </Project>
  <Project Path="src/Gallery.WinUI3/Gallery.WinUI3.csproj">
    <Platform Solution="*|Any CPU" Project="x64" />
    <Platform Solution="*|ARM64" Project="ARM64" />
    <Platform Solution="*|x64" Project="x64" />
    <Platform Solution="*|x86" Project="x86" />
  </Project>
  <Project Path="tests/Flourish.WPF.Test/Flourish.WPF.Test.csproj">
    <Platform Solution="*|Any CPU" Project="AnyCPU" />
    <Platform Solution="*|ARM64" Project="ARM64" />
    <Platform Solution="*|x64" Project="x64" />
    <Platform Solution="*|x86" Project="x86" />
  </Project>
  <Project Path="tests/Flourish.Core.Test/Flourish.Core.Test.csproj">
    <Platform Solution="*|Any CPU" Project="AnyCPU" />
    <Platform Solution="*|ARM64" Project="AnyCPU" />
    <Platform Solution="*|x64" Project="AnyCPU" />
    <Platform Solution="*|x86" Project="AnyCPU" />
  </Project>
</Solution>
