<Solution>
  <Project Path="Flourish.WPF.csproj" />
  <Project Path="../Flourish.Core/Flourish.Core.csproj" />
  <Project Path="../Gallery.Flourish.WPF/Gallery.Flourish.WPF.csproj" />
  <Project Path="../../tests/Tests.Flourish.WPF/Tests.Flourish.WPF.csproj" />
  <Project Path="../../tests/Tests.Flourish.Core/Tests.Flourish.Core.csproj" />
</Solution>
